
Microsoft Visual Studio Solution File, Format Version 12.00
# Visual Studio Version 16
VisualStudioVersion = 16.0.31321.278
MinimumVisualStudioVersion = 10.0.40219.1
Project("{FAE04EC0-301F-11D3-BF4B-00C04F79EFBC}") = "Music List", "Music List\Music List.csproj", "{F54993EB-E573-413E-9618-B6D621573330}"
EndProject
Global
	GlobalSection(SolutionConfigurationPlatforms) = preSolution
		Debug|Any CPU = Debug|Any CPU
		Release|Any CPU = Release|Any CPU
	EndGlobalSection
	GlobalSection(ProjectConfigurationPlatforms) = postSolution
		{F54993EB-E573-413E-9618-B6D621573330}.Debug|Any CPU.ActiveCfg = Debug|Any CPU
		{F54993EB-E573-413E-9618-B6D621573330}.Debug|Any CPU.Build.0 = Debug|Any CPU
		{F54993EB-E573-413E-9618-B6D621573330}.Release|Any CPU.ActiveCfg = Release|Any CPU
		{F54993EB-E573-413E-9618-B6D621573330}.Release|Any CPU.Build.0 = Release|Any CPU
	EndGlobalSection
	GlobalSection(SolutionProperties) = preSolution
		HideSolutionNode = FALSE
	EndGlobalSection
	GlobalSection(ExtensibilityGlobals) = postSolution
		SolutionGuid = {9026884A-865D-4232-B3C1-1843413BDCA2}
	EndGlobalSection
EndGlobal
